
Microsoft Visual Studio Solution File, Format Version 12.00
# Visual Studio Version 17
VisualStudioVersion = 17.14.36623.8 d17.14
MinimumVisualStudioVersion = 10.0.40219.1
Project("{FAE04EC0-301F-11D3-BF4B-00C04F79EFBC}") = "LeetCode", "LeetCode\LeetCode.csproj", "{001C6853-53D5-46BC-A6A0-C2E1F3916E80}"
EndProject
Global
	GlobalSection(SolutionConfigurationPlatforms) = preSolution
		Debug|Any CPU = Debug|Any CPU
		Release|Any CPU = Release|Any CPU
	EndGlobalSection
	GlobalSection(ProjectConfigurationPlatforms) = postSolution
		{001C6853-53D5-46BC-A6A0-C2E1F3916E80}.Debug|Any CPU.ActiveCfg = Debug|Any CPU
		{001C6853-53D5-46BC-A6A0-C2E1F3916E80}.Debug|Any CPU.Build.0 = Debug|Any CPU
		{001C6853-53D5-46BC-A6A0-C2E1F3916E80}.Release|Any CPU.ActiveCfg = Release|Any CPU
		{001C6853-53D5-46BC-A6A0-C2E1F3916E80}.Release|Any CPU.Build.0 = Release|Any CPU
	EndGlobalSection
	GlobalSection(SolutionProperties) = preSolution
		HideSolutionNode = FALSE
	EndGlobalSection
	GlobalSection(ExtensibilityGlobals) = postSolution
		SolutionGuid = {E9999D64-3FA6-4ECB-BFF7-E8C92FF571C4}
	EndGlobalSection
EndGlobal
